
Microsoft Visual Studio Solution File, Format Version 12.00
# Visual Studio Version 16
VisualStudioVersion = 16.0.29215.179
MinimumVisualStudioVersion = 10.0.40219.1
Project("{FAE04EC0-301F-11D3-BF4B-00C04F79EFBC}") = "SFTPConsole", "SFTPConsole.csproj", "{38BC6004-9071-40D9-A0FD-5D1F3A3DD669}"
EndProject
Global
	GlobalSection(SolutionConfigurationPlatforms) = preSolution
		Debug|Any CPU = Debug|Any CPU
		Release|Any CPU = Release|Any CPU
	EndGlobalSection
	GlobalSection(ProjectConfigurationPlatforms) = postSolution
		{38BC6004-9071-40D9-A0FD-5D1F3A3DD669}.Debug|Any CPU.ActiveCfg = Debug|Any CPU
		{38BC6004-9071-40D9-A0FD-5D1F3A3DD669}.Debug|Any CPU.Build.0 = Debug|Any CPU
		{38BC6004-9071-40D9-A0FD-5D1F3A3DD669}.Release|Any CPU.ActiveCfg = Release|Any CPU
		{38BC6004-9071-40D9-A0FD-5D1F3A3DD669}.Release|Any CPU.Build.0 = Release|Any CPU
	EndGlobalSection
	GlobalSection(SolutionProperties) = preSolution
		HideSolutionNode = FALSE
	EndGlobalSection
	GlobalSection(ExtensibilityGlobals) = postSolution
		SolutionGuid = {D3EC78A0-BD9C-41EF-B368-6E881E9F2385}
	EndGlobalSection
EndGlobal
